// !$*UTF8*$!
{
	archiveVersion = 1;
	classes = {
	};
	objectVersion = 50;
	objects = {

/* Begin PBXBuildFile section */
		8042BF7D2439204C00D1477E /* AppDelegate.swift in Sources */ = {isa = PBXBuildFile; fileRef = 8042BF7C2439204C00D1477E /* AppDelegate.swift */; };
		8042BF7F2439204C00D1477E /* ContentView.swift in Sources */ = {isa = PBXBuildFile; fileRef = 8042BF7E2439204C00D1477E /* ContentView.swift */; };
		8042BF812439204D00D1477E /* Assets.xcassets in Resources */ = {isa = PBXBuildFile; fileRef = 8042BF802439204D00D1477E /* Assets.xcassets */; };
		8042BF872439204D00D1477E /* Main.storyboard in Resources */ = {isa = PBXBuildFile; fileRef = 8042BF852439204D00D1477E /* Main.storyboard */; };
		8042BFA82439220900D1477E /* AudioUnitViewController.swift in Sources */ = {isa = PBXBuildFile; fileRef = 8042BFA72439220900D1477E /* AudioUnitViewController.swift */; };
		8042BFB12439220900D1477E /* AttenuatorAU.appex in Embed App Extensions */ = {isa = PBXBuildFile; fileRef = 8042BF932439220900D1477E /* AttenuatorAU.appex */; settings = {ATTRIBUTES = (RemoveHeadersOnCopy, ); }; };
		8042BFB92439498E00D1477E /* MainUI.swift in Sources */ = {isa = PBXBuildFile; fileRef = 8042BFB82439498E00D1477E /* MainUI.swift */; };
		8042BFBB24394A4A00D1477E /* MainView.swift in Sources */ = {isa = PBXBuildFile; fileRef = 8042BFBA24394A4A00D1477E /* MainView.swift */; };
		8042BFBD24394B8900D1477E /* AttenuatorParameter.swift in Sources */ = {isa = PBXBuildFile; fileRef = 8042BFBC24394B8900D1477E /* AttenuatorParameter.swift */; };
		8042BFBF24394EB100D1477E /* AttenuatorAudioUnit.swift in Sources */ = {isa = PBXBuildFile; fileRef = 8042BFBE24394EB100D1477E /* AttenuatorAudioUnit.swift */; };
		8042BFC52439C5D600D1477E /* AttenuatorDSP.mm in Sources */ = {isa = PBXBuildFile; fileRef = 8042BFC42439C5D600D1477E /* AttenuatorDSP.mm */; };
		8042BFC7243A0CAC00D1477E /* VUView.swift in Sources */ = {isa = PBXBuildFile; fileRef = 8042BFC6243A0CAC00D1477E /* VUView.swift */; };
		8042BFC9243A144E00D1477E /* VUView.metal in Sources */ = {isa = PBXBuildFile; fileRef = 8042BFC8243A144E00D1477E /* VUView.metal */; };
/* End PBXBuildFile section */

/* Begin PBXContainerItemProxy section */
		8042BFAF2439220900D1477E /* PBXContainerItemProxy */ = {
			isa = PBXContainerItemProxy;
			containerPortal = 8042BF712439204C00D1477E /* Project object */;
			proxyType = 1;
			remoteGlobalIDString = 8042BF922439220900D1477E;
			remoteInfo = AttenuatorAU;
		};
/* End PBXContainerItemProxy section */

/* Begin PBXCopyFilesBuildPhase section */
		8042BFB52439220900D1477E /* Embed App Extensions */ = {
			isa = PBXCopyFilesBuildPhase;
			buildActionMask = 2147483647;
			dstPath = "";
			dstSubfolderSpec = 13;
			files = (
				8042BFB12439220900D1477E /* AttenuatorAU.appex in Embed App Extensions */,
			);
			name = "Embed App Extensions";
			runOnlyForDeploymentPostprocessing = 0;
		};
/* End PBXCopyFilesBuildPhase section */

/* Begin PBXFileReference section */
		8042BF792439204C00D1477E /* Attenuator.app */ = {isa = PBXFileReference; explicitFileType = wrapper.application; includeInIndex = 0; path = Attenuator.app; sourceTree = BUILT_PRODUCTS_DIR; };
		8042BF7C2439204C00D1477E /* AppDelegate.swift */ = {isa = PBXFileReference; lastKnownFileType = sourcecode.swift; path = AppDelegate.swift; sourceTree = "<group>"; };
		8042BF7E2439204C00D1477E /* ContentView.swift */ = {isa = PBXFileReference; lastKnownFileType = sourcecode.swift; path = ContentView.swift; sourceTree = "<group>"; };
		8042BF802439204D00D1477E /* Assets.xcassets */ = {isa = PBXFileReference; lastKnownFileType = folder.assetcatalog; path = Assets.xcassets; sourceTree = "<group>"; };
		8042BF862439204D00D1477E /* Base */ = {isa = PBXFileReference; lastKnownFileType = file.storyboard; name = Base; path = Base.lproj/Main.storyboard; sourceTree = "<group>"; };
		8042BF882439204D00D1477E /* Info.plist */ = {isa = PBXFileReference; lastKnownFileType = text.plist.xml; path = Info.plist; sourceTree = "<group>"; };
		8042BF892439204D00D1477E /* Attenuator.entitlements */ = {isa = PBXFileReference; lastKnownFileType = text.plist.entitlements; path = Attenuator.entitlements; sourceTree = "<group>"; };
		8042BF932439220900D1477E /* AttenuatorAU.appex */ = {isa = PBXFileReference; explicitFileType = "wrapper.app-extension"; includeInIndex = 0; path = AttenuatorAU.appex; sourceTree = BUILT_PRODUCTS_DIR; };
		8042BFA72439220900D1477E /* AudioUnitViewController.swift */ = {isa = PBXFileReference; lastKnownFileType = sourcecode.swift; path = AudioUnitViewController.swift; sourceTree = "<group>"; };
		8042BFA92439220900D1477E /* AttenuatorAU-Bridging-Header.h */ = {isa = PBXFileReference; lastKnownFileType = sourcecode.c.h; path = "AttenuatorAU-Bridging-Header.h"; sourceTree = "<group>"; };
		8042BFAD2439220900D1477E /* Info.plist */ = {isa = PBXFileReference; lastKnownFileType = text.plist.xml; path = Info.plist; sourceTree = "<group>"; };
		8042BFAE2439220900D1477E /* AttenuatorAU.entitlements */ = {isa = PBXFileReference; lastKnownFileType = text.plist.entitlements; path = AttenuatorAU.entitlements; sourceTree = "<group>"; };
		8042BFB82439498E00D1477E /* MainUI.swift */ = {isa = PBXFileReference; fileEncoding = 4; lastKnownFileType = sourcecode.swift; path = MainUI.swift; sourceTree = "<group>"; };
		8042BFBA24394A4A00D1477E /* MainView.swift */ = {isa = PBXFileReference; lastKnownFileType = sourcecode.swift; path = MainView.swift; sourceTree = "<group>"; };
		8042BFBC24394B8900D1477E /* AttenuatorParameter.swift */ = {isa = PBXFileReference; lastKnownFileType = sourcecode.swift; path = AttenuatorParameter.swift; sourceTree = "<group>"; };
		8042BFBE24394EB100D1477E /* AttenuatorAudioUnit.swift */ = {isa = PBXFileReference; lastKnownFileType = sourcecode.swift; path = AttenuatorAudioUnit.swift; sourceTree = "<group>"; };
		8042BFC02439531900D1477E /* AttenuatorDSP.h */ = {isa = PBXFileReference; lastKnownFileType = sourcecode.c.h; path = AttenuatorDSP.h; sourceTree = "<group>"; };
		8042BFC42439C5D600D1477E /* AttenuatorDSP.mm */ = {isa = PBXFileReference; lastKnownFileType = sourcecode.cpp.objcpp; path = AttenuatorDSP.mm; sourceTree = "<group>"; };
		8042BFC6243A0CAC00D1477E /* VUView.swift */ = {isa = PBXFileReference; lastKnownFileType = sourcecode.swift; path = VUView.swift; sourceTree = "<group>"; };
		8042BFC8243A144E00D1477E /* VUView.metal */ = {isa = PBXFileReference; lastKnownFileType = sourcecode.metal; path = VUView.metal; sourceTree = "<group>"; };
/* End PBXFileReference section */

/* Begin PBXFrameworksBuildPhase section */
		8042BF762439204C00D1477E /* Frameworks */ = {
			isa = PBXFrameworksBuildPhase;
			buildActionMask = 2147483647;
			files = (
			);
			runOnlyForDeploymentPostprocessing = 0;
		};
		8042BF902439220900D1477E /* Frameworks */ = {
			isa = PBXFrameworksBuildPhase;
			buildActionMask = 2147483647;
			files = (
			);
			runOnlyForDeploymentPostprocessing = 0;
		};
/* End PBXFrameworksBuildPhase section */

/* Begin PBXGroup section */
		8042BF702439204C00D1477E = {
			isa = PBXGroup;
			children = (
				8042BF7B2439204C00D1477E /* Attenuator */,
				8042BF942439220900D1477E /* AttenuatorAU */,
				8042BF7A2439204C00D1477E /* Products */,
			);
			sourceTree = "<group>";
		};
		8042BF7A2439204C00D1477E /* Products */ = {
			isa = PBXGroup;
			children = (
				8042BF792439204C00D1477E /* Attenuator.app */,
				8042BF932439220900D1477E /* AttenuatorAU.appex */,
			);
			name = Products;
			sourceTree = "<group>";
		};
		8042BF7B2439204C00D1477E /* Attenuator */ = {
			isa = PBXGroup;
			children = (
				8042BF7C2439204C00D1477E /* AppDelegate.swift */,
				8042BF7E2439204C00D1477E /* ContentView.swift */,
				8042BF802439204D00D1477E /* Assets.xcassets */,
				8042BF852439204D00D1477E /* Main.storyboard */,
				8042BF882439204D00D1477E /* Info.plist */,
				8042BF892439204D00D1477E /* Attenuator.entitlements */,
			);
			path = Attenuator;
			sourceTree = "<group>";
		};
		8042BF942439220900D1477E /* AttenuatorAU */ = {
			isa = PBXGroup;
			children = (
				8042BFA92439220900D1477E /* AttenuatorAU-Bridging-Header.h */,
				8042BFAD2439220900D1477E /* Info.plist */,
				8042BFAE2439220900D1477E /* AttenuatorAU.entitlements */,
				8042BF952439220900D1477E /* Audio Unit */,
				8042BF992439220900D1477E /* DSP */,
				8042BFA62439220900D1477E /* UI */,
			);
			path = AttenuatorAU;
			sourceTree = "<group>";
		};
		8042BF952439220900D1477E /* Audio Unit */ = {
			isa = PBXGroup;
			children = (
				8042BFBE24394EB100D1477E /* AttenuatorAudioUnit.swift */,
				8042BFBC24394B8900D1477E /* AttenuatorParameter.swift */,
			);
			path = "Audio Unit";
			sourceTree = "<group>";
		};
		8042BF992439220900D1477E /* DSP */ = {
			isa = PBXGroup;
			children = (
				8042BFC02439531900D1477E /* AttenuatorDSP.h */,
				8042BFC42439C5D600D1477E /* AttenuatorDSP.mm */,
			);
			path = DSP;
			sourceTree = "<group>";
		};
		8042BFA62439220900D1477E /* UI */ = {
			isa = PBXGroup;
			children = (
				8042BFA72439220900D1477E /* AudioUnitViewController.swift */,
				8042BFB82439498E00D1477E /* MainUI.swift */,
				8042BFBA24394A4A00D1477E /* MainView.swift */,
				8042BFC8243A144E00D1477E /* VUView.metal */,
				8042BFC6243A0CAC00D1477E /* VUView.swift */,
			);
			path = UI;
			sourceTree = "<group>";
		};
/* End PBXGroup section */

/* Begin PBXNativeTarget section */
		8042BF782439204C00D1477E /* Attenuator */ = {
			isa = PBXNativeTarget;
			buildConfigurationList = 8042BF8C2439204D00D1477E /* Build configuration list for PBXNativeTarget "Attenuator" */;
			buildPhases = (
				8042BF752439204C00D1477E /* Sources */,
				8042BF762439204C00D1477E /* Frameworks */,
				8042BF772439204C00D1477E /* Resources */,
				8042BFB52439220900D1477E /* Embed App Extensions */,
			);
			buildRules = (
			);
			dependencies = (
				8042BFB02439220900D1477E /* PBXTargetDependency */,
			);
			name = Attenuator;
			productName = Attenuator;
			productReference = 8042BF792439204C00D1477E /* Attenuator.app */;
			productType = "com.apple.product-type.application";
		};
		8042BF922439220900D1477E /* AttenuatorAU */ = {
			isa = PBXNativeTarget;
			buildConfigurationList = 8042BFB22439220900D1477E /* Build configuration list for PBXNativeTarget "AttenuatorAU" */;
			buildPhases = (
				8042BF8F2439220900D1477E /* Sources */,
				8042BF902439220900D1477E /* Frameworks */,
				8042BF912439220900D1477E /* Resources */,
			);
			buildRules = (
			);
			dependencies = (
			);
			name = AttenuatorAU;
			productName = AttenuatorAU;
			productReference = 8042BF932439220900D1477E /* AttenuatorAU.appex */;
			productType = "com.apple.product-type.app-extension";
		};
/* End PBXNativeTarget section */

/* Begin PBXProject section */
		8042BF712439204C00D1477E /* Project object */ = {
			isa = PBXProject;
			attributes = {
				LastSwiftUpdateCheck = 1140;
				LastUpgradeCheck = 1140;
				ORGANIZATIONNAME = "Vlad Gorlov";
				TargetAttributes = {
					8042BF782439204C00D1477E = {
						CreatedOnToolsVersion = 11.4;
					};
					8042BF922439220900D1477E = {
						CreatedOnToolsVersion = 11.4;
					};
				};
			};
			buildConfigurationList = 8042BF742439204C00D1477E /* Build configuration list for PBXProject "Attenuator" */;
			compatibilityVersion = "Xcode 9.3";
			developmentRegion = en;
			hasScannedForEncodings = 0;
			knownRegions = (
				en,
				Base,
			);
			mainGroup = 8042BF702439204C00D1477E;
			productRefGroup = 8042BF7A2439204C00D1477E /* Products */;
			projectDirPath = "";
			projectRoot = "";
			targets = (
				8042BF782439204C00D1477E /* Attenuator */,
				8042BF922439220900D1477E /* AttenuatorAU */,
			);
		};
/* End PBXProject section */

/* Begin PBXResourcesBuildPhase section */
		8042BF772439204C00D1477E /* Resources */ = {
			isa = PBXResourcesBuildPhase;
			buildActionMask = 2147483647;
			files = (
				8042BF872439204D00D1477E /* Main.storyboard in Resources */,
				8042BF812439204D00D1477E /* Assets.xcassets in Resources */,
			);
			runOnlyForDeploymentPostprocessing = 0;
		};
		8042BF912439220900D1477E /* Resources */ = {
			isa = PBXResourcesBuildPhase;
			buildActionMask = 2147483647;
			files = (
			);
			runOnlyForDeploymentPostprocessing = 0;
		};
/* End PBXResourcesBuildPhase section */

/* Begin PBXSourcesBuildPhase section */
		8042BF752439204C00D1477E /* Sources */ = {
			isa = PBXSourcesBuildPhase;
			buildActionMask = 2147483647;
			files = (
				8042BF7F2439204C00D1477E /* ContentView.swift in Sources */,
				8042BF7D2439204C00D1477E /* AppDelegate.swift in Sources */,
			);
			runOnlyForDeploymentPostprocessing = 0;
		};
		8042BF8F2439220900D1477E /* Sources */ = {
			isa = PBXSourcesBuildPhase;
			buildActionMask = 2147483647;
			files = (
				8042BFA82439220900D1477E /* AudioUnitViewController.swift in Sources */,
				8042BFC7243A0CAC00D1477E /* VUView.swift in Sources */,
				8042BFBF24394EB100D1477E /* AttenuatorAudioUnit.swift in Sources */,
				8042BFC9243A144E00D1477E /* VUView.metal in Sources */,
				8042BFB92439498E00D1477E /* MainUI.swift in Sources */,
				8042BFC52439C5D600D1477E /* AttenuatorDSP.mm in Sources */,
				8042BFBB24394A4A00D1477E /* MainView.swift in Sources */,
				8042BFBD24394B8900D1477E /* AttenuatorParameter.swift in Sources */,
			);
			runOnlyForDeploymentPostprocessing = 0;
		};
/* End PBXSourcesBuildPhase section */

/* Begin PBXTargetDependency section */
		8042BFB02439220900D1477E /* PBXTargetDependency */ = {
			isa = PBXTargetDependency;
			target = 8042BF922439220900D1477E /* AttenuatorAU */;
			targetProxy = 8042BFAF2439220900D1477E /* PBXContainerItemProxy */;
		};
/* End PBXTargetDependency section */

/* Begin PBXVariantGroup section */
		8042BF852439204D00D1477E /* Main.storyboard */ = {
			isa = PBXVariantGroup;
			children = (
				8042BF862439204D00D1477E /* Base */,
			);
			name = Main.storyboard;
			sourceTree = "<group>";
		};
/* End PBXVariantGroup section */

/* Begin XCBuildConfiguration section */
		8042BF8A2439204D00D1477E /* Debug */ = {
			isa = XCBuildConfiguration;
			buildSettings = {
				ALWAYS_SEARCH_USER_PATHS = NO;
				CLANG_ANALYZER_NONNULL = YES;
				CLANG_ANALYZER_NUMBER_OBJECT_CONVERSION = YES_AGGRESSIVE;
				CLANG_CXX_LANGUAGE_STANDARD = "gnu++14";
				CLANG_CXX_LIBRARY = "libc++";
				CLANG_ENABLE_MODULES = YES;
				CLANG_ENABLE_OBJC_ARC = YES;
				CLANG_ENABLE_OBJC_WEAK = YES;
				CLANG_WARN_BLOCK_CAPTURE_AUTORELEASING = YES;
				CLANG_WARN_BOOL_CONVERSION = YES;
				CLANG_WARN_COMMA = YES;
				CLANG_WARN_CONSTANT_CONVERSION = YES;
				CLANG_WARN_DEPRECATED_OBJC_IMPLEMENTATIONS = YES;
				CLANG_WARN_DIRECT_OBJC_ISA_USAGE = YES_ERROR;
				CLANG_WARN_DOCUMENTATION_COMMENTS = YES;
				CLANG_WARN_EMPTY_BODY = YES;
				CLANG_WARN_ENUM_CONVERSION = YES;
				CLANG_WARN_INFINITE_RECURSION = YES;
				CLANG_WARN_INT_CONVERSION = YES;
				CLANG_WARN_NON_LITERAL_NULL_CONVERSION = YES;
				CLANG_WARN_OBJC_IMPLICIT_RETAIN_SELF = YES;
				CLANG_WARN_OBJC_LITERAL_CONVERSION = YES;
				CLANG_WARN_OBJC_ROOT_CLASS = YES_ERROR;
				CLANG_WARN_RANGE_LOOP_ANALYSIS = YES;
				CLANG_WARN_STRICT_PROTOTYPES = YES;
				CLANG_WARN_SUSPICIOUS_MOVE = YES;
				CLANG_WARN_UNGUARDED_AVAILABILITY = YES_AGGRESSIVE;
				CLANG_WARN_UNREACHABLE_CODE = YES;
				CLANG_WARN__DUPLICATE_METHOD_MATCH = YES;
				COPY_PHASE_STRIP = NO;
				DEBUG_INFORMATION_FORMAT = dwarf;
				ENABLE_STRICT_OBJC_MSGSEND = YES;
				ENABLE_TESTABILITY = YES;
				GCC_C_LANGUAGE_STANDARD = gnu11;
				GCC_DYNAMIC_NO_PIC = NO;
				GCC_NO_COMMON_BLOCKS = YES;
				GCC_OPTIMIZATION_LEVEL = 0;
				GCC_PREPROCESSOR_DEFINITIONS = (
					"DEBUG=1",
					"$(inherited)",
				);
				GCC_WARN_64_TO_32_BIT_CONVERSION = YES;
				GCC_WARN_ABOUT_RETURN_TYPE = YES_ERROR;
				GCC_WARN_UNDECLARED_SELECTOR = YES;
				GCC_WARN_UNINITIALIZED_AUTOS = YES_AGGRESSIVE;
				GCC_WARN_UNUSED_FUNCTION = YES;
				GCC_WARN_UNUSED_VARIABLE = YES;
				MACOSX_DEPLOYMENT_TARGET = 10.15;
				MTL_ENABLE_DEBUG_INFO = INCLUDE_SOURCE;
				MTL_FAST_MATH = YES;
				ONLY_ACTIVE_ARCH = YES;
				SDKROOT = macosx;
				SWIFT_ACTIVE_COMPILATION_CONDITIONS = DEBUG;
				SWIFT_OPTIMIZATION_LEVEL = "-Onone";
			};
			name = Debug;
		};
		8042BF8B2439204D00D1477E /* Release */ = {
			isa = XCBuildConfiguration;
			buildSettings = {
				ALWAYS_SEARCH_USER_PATHS = NO;
				CLANG_ANALYZER_NONNULL = YES;
				CLANG_ANALYZER_NUMBER_OBJECT_CONVERSION = YES_AGGRESSIVE;
				CLANG_CXX_LANGUAGE_STANDARD = "gnu++14";
				CLANG_CXX_LIBRARY = "libc++";
				CLANG_ENABLE_MODULES = YES;
				CLANG_ENABLE_OBJC_ARC = YES;
				CLANG_ENABLE_OBJC_WEAK = YES;
				CLANG_WARN_BLOCK_CAPTURE_AUTORELEASING = YES;
				CLANG_WARN_BOOL_CONVERSION = YES;
				CLANG_WARN_COMMA = YES;
				CLANG_WARN_CONSTANT_CONVERSION = YES;
				CLANG_WARN_DEPRECATED_OBJC_IMPLEMENTATIONS = YES;
				CLANG_WARN_DIRECT_OBJC_ISA_USAGE = YES_ERROR;
				CLANG_WARN_DOCUMENTATION_COMMENTS = YES;
				CLANG_WARN_EMPTY_BODY = YES;
				CLANG_WARN_ENUM_CONVERSION = YES;
				CLANG_WARN_INFINITE_RECURSION = YES;
				CLANG_WARN_INT_CONVERSION = YES;
				CLANG_WARN_NON_LITERAL_NULL_CONVERSION = YES;
				CLANG_WARN_OBJC_IMPLICIT_RETAIN_SELF = YES;
				CLANG_WARN_OBJC_LITERAL_CONVERSION = YES;
				CLANG_WARN_OBJC_ROOT_CLASS = YES_ERROR;
				CLANG_WARN_RANGE_LOOP_ANALYSIS = YES;
				CLANG_WARN_STRICT_PROTOTYPES = YES;
				CLANG_WARN_SUSPICIOUS_MOVE = YES;
				CLANG_WARN_UNGUARDED_AVAILABILITY = YES_AGGRESSIVE;
				CLANG_WARN_UNREACHABLE_CODE = YES;
				CLANG_WARN__DUPLICATE_METHOD_MATCH = YES;
				COPY_PHASE_STRIP = NO;
				DEBUG_INFORMATION_FORMAT = "dwarf-with-dsym";
				ENABLE_NS_ASSERTIONS = NO;
				ENABLE_STRICT_OBJC_MSGSEND = YES;
				GCC_C_LANGUAGE_STANDARD = gnu11;
				GCC_NO_COMMON_BLOCKS = YES;
				GCC_WARN_64_TO_32_BIT_CONVERSION = YES;
				GCC_WARN_ABOUT_RETURN_TYPE = YES_ERROR;
				GCC_WARN_UNDECLARED_SELECTOR = YES;
				GCC_WARN_UNINITIALIZED_AUTOS = YES_AGGRESSIVE;
				GCC_WARN_UNUSED_FUNCTION = YES;
				GCC_WARN_UNUSED_VARIABLE = YES;
				MACOSX_DEPLOYMENT_TARGET = 10.15;
				MTL_ENABLE_DEBUG_INFO = NO;
				MTL_FAST_MATH = YES;
				SDKROOT = macosx;
				SWIFT_COMPILATION_MODE = wholemodule;
				SWIFT_OPTIMIZATION_LEVEL = "-O";
			};
			name = Release;
		};
		8042BF8D2439204D00D1477E /* Debug */ = {
			isa = XCBuildConfiguration;
			buildSettings = {
				ALWAYS_EMBED_SWIFT_STANDARD_LIBRARIES = YES;
				ASSETCATALOG_COMPILER_APPICON_NAME = AppIcon;
				CODE_SIGN_ENTITLEMENTS = Attenuator/Attenuator.entitlements;
				CODE_SIGN_STYLE = Automatic;
				COMBINE_HIDPI_IMAGES = YES;
				DEVELOPMENT_ASSET_PATHS = "";
				DEVELOPMENT_TEAM = TAGGGN65SW;
				ENABLE_HARDENED_RUNTIME = YES;
				ENABLE_PREVIEWS = YES;
				INFOPLIST_FILE = Attenuator/Info.plist;
				LD_RUNPATH_SEARCH_PATHS = (
					"$(inherited)",
					"@executable_path/../Frameworks",
				);
				MACOSX_DEPLOYMENT_TARGET = 10.15;
				PRODUCT_BUNDLE_IDENTIFIER = abc.example.Attenuator;
				PRODUCT_NAME = "$(TARGET_NAME)";
				SWIFT_VERSION = 5.0;
			};
			name = Debug;
		};
		8042BF8E2439204D00D1477E /* Release */ = {
			isa = XCBuildConfiguration;
			buildSettings = {
				ALWAYS_EMBED_SWIFT_STANDARD_LIBRARIES = YES;
				ASSETCATALOG_COMPILER_APPICON_NAME = AppIcon;
				CODE_SIGN_ENTITLEMENTS = Attenuator/Attenuator.entitlements;
				CODE_SIGN_STYLE = Automatic;
				COMBINE_HIDPI_IMAGES = YES;
				DEVELOPMENT_ASSET_PATHS = "";
				DEVELOPMENT_TEAM = TAGGGN65SW;
				ENABLE_HARDENED_RUNTIME = YES;
				ENABLE_PREVIEWS = YES;
				INFOPLIST_FILE = Attenuator/Info.plist;
				LD_RUNPATH_SEARCH_PATHS = (
					"$(inherited)",
					"@executable_path/../Frameworks",
				);
				MACOSX_DEPLOYMENT_TARGET = 10.15;
				PRODUCT_BUNDLE_IDENTIFIER = abc.example.Attenuator;
				PRODUCT_NAME = "$(TARGET_NAME)";
				SWIFT_VERSION = 5.0;
			};
			name = Release;
		};
		8042BFB32439220900D1477E /* Debug */ = {
			isa = XCBuildConfiguration;
			buildSettings = {
				CODE_SIGN_ENTITLEMENTS = AttenuatorAU/AttenuatorAU.entitlements;
				CODE_SIGN_STYLE = Automatic;
				DEVELOPMENT_TEAM = TAGGGN65SW;
				ENABLE_HARDENED_RUNTIME = YES;
				INFOPLIST_FILE = AttenuatorAU/Info.plist;
				LD_RUNPATH_SEARCH_PATHS = (
					"$(inherited)",
					"@executable_path/../Frameworks",
					"@executable_path/../../../../Frameworks",
				);
				PRODUCT_BUNDLE_IDENTIFIER = abc.example.Attenuator.AttenuatorAU;
				PRODUCT_NAME = "$(TARGET_NAME)";
				SKIP_INSTALL = YES;
				SWIFT_OBJC_BRIDGING_HEADER = "AttenuatorAU/AttenuatorAU-Bridging-Header.h";
				SWIFT_VERSION = 5.0;
			};
			name = Debug;
		};
		8042BFB42439220900D1477E /* Release */ = {
			isa = XCBuildConfiguration;
			buildSettings = {
				CODE_SIGN_ENTITLEMENTS = AttenuatorAU/AttenuatorAU.entitlements;
				CODE_SIGN_STYLE = Automatic;
				DEVELOPMENT_TEAM = TAGGGN65SW;
				ENABLE_HARDENED_RUNTIME = YES;
				INFOPLIST_FILE = AttenuatorAU/Info.plist;
				LD_RUNPATH_SEARCH_PATHS = (
					"$(inherited)",
					"@executable_path/../Frameworks",
					"@executable_path/../../../../Frameworks",
				);
				PRODUCT_BUNDLE_IDENTIFIER = abc.example.Attenuator.AttenuatorAU;
				PRODUCT_NAME = "$(TARGET_NAME)";
				SKIP_INSTALL = YES;
				SWIFT_OBJC_BRIDGING_HEADER = "AttenuatorAU/AttenuatorAU-Bridging-Header.h";
				SWIFT_VERSION = 5.0;
			};
			name = Release;
		};
/* End XCBuildConfiguration section */

/* Begin XCConfigurationList section */
		8042BF742439204C00D1477E /* Build configuration list for PBXProject "Attenuator" */ = {
			isa = XCConfigurationList;
			buildConfigurations = (
				8042BF8A2439204D00D1477E /* Debug */,
				8042BF8B2439204D00D1477E /* Release */,
			);
			defaultConfigurationIsVisible = 0;
			defaultConfigurationName = Release;
		};
		8042BF8C2439204D00D1477E /* Build configuration list for PBXNativeTarget "Attenuator" */ = {
			isa = XCConfigurationList;
			buildConfigurations = (
				8042BF8D2439204D00D1477E /* Debug */,
				8042BF8E2439204D00D1477E /* Release */,
			);
			defaultConfigurationIsVisible = 0;
			defaultConfigurationName = Release;
		};
		8042BFB22439220900D1477E /* Build configuration list for PBXNativeTarget "AttenuatorAU" */ = {
			isa = XCConfigurationList;
			buildConfigurations = (
				8042BFB32439220900D1477E /* Debug */,
				8042BFB42439220900D1477E /* Release */,
			);
			defaultConfigurationIsVisible = 0;
			defaultConfigurationName = Release;
		};
/* End XCConfigurationList section */
	};
	rootObject = 8042BF712439204C00D1477E /* Project object */;
}
